
Microsoft Visual Studio Solution File, Format Version 12.00
# Visual Studio Version 17
VisualStudioVersion = 17.14.36429.23
MinimumVisualStudioVersion = 10.0.40219.1
Project("{FAE04EC0-301F-11D3-BF4B-00C04F79EFBC}") = "ParkingSystem.API", "ParkingSystem\ParkingSystem.API.csproj", "{9C8208B2-1E06-4045-9F0D-E2CDE0BF5CCC}"
EndProject
Project("{FAE04EC0-301F-11D3-BF4B-00C04F79EFBC}") = "ParkingSystem.Models", "Models\ParkingSystem.Models.csproj", "{AA76A1D6-3F7E-41C0-B46F-580B3998231A}"
EndProject
Project("{FAE04EC0-301F-11D3-BF4B-00C04F79EFBC}") = "ParkingSystem.Services", "Services\ParkingSystem.Services.csproj", "{9E094B96-EDDE-4A0A-A8BC-1BCEF0607C6E}"
EndProject
Project("{FAE04EC0-301F-11D3-BF4B-00C04F79EFBC}") = "ParkingSystem.DBSettings", "DBSettings\ParkingSystem.DBSettings.csproj", "{537F14CD-4E44-43B0-8439-FF6E73A24DA4}"
EndProject
Project("{FAE04EC0-301F-11D3-BF4B-00C04F79EFBC}") = "ParkingSystem.Repository", "Repository\ParkingSystem.Repository.csproj", "{2364BBE8-A214-43A1-9D49-F687EC247582}"
EndProject
Project("{FAE04EC0-301F-11D3-BF4B-00C04F79EFBC}") = "ParkingSystem.Test", "ParkingSystem.Test\ParkingSystem.Test.csproj", "{E16F1AE0-607A-4BA5-A930-C86F9B037EB1}"
EndProject
Global
	GlobalSection(SolutionConfigurationPlatforms) = preSolution
		Debug|Any CPU = Debug|Any CPU
		Release|Any CPU = Release|Any CPU
	EndGlobalSection
	GlobalSection(ProjectConfigurationPlatforms) = postSolution
		{9C8208B2-1E06-4045-9F0D-E2CDE0BF5CCC}.Debug|Any CPU.ActiveCfg = Debug|Any CPU
		{9C8208B2-1E06-4045-9F0D-E2CDE0BF5CCC}.Debug|Any CPU.Build.0 = Debug|Any CPU
		{9C8208B2-1E06-4045-9F0D-E2CDE0BF5CCC}.Release|Any CPU.ActiveCfg = Release|Any CPU
		{9C8208B2-1E06-4045-9F0D-E2CDE0BF5CCC}.Release|Any CPU.Build.0 = Release|Any CPU
		{AA76A1D6-3F7E-41C0-B46F-580B3998231A}.Debug|Any CPU.ActiveCfg = Debug|Any CPU
		{AA76A1D6-3F7E-41C0-B46F-580B3998231A}.Debug|Any CPU.Build.0 = Debug|Any CPU
		{AA76A1D6-3F7E-41C0-B46F-580B3998231A}.Release|Any CPU.ActiveCfg = Release|Any CPU
		{AA76A1D6-3F7E-41C0-B46F-580B3998231A}.Release|Any CPU.Build.0 = Release|Any CPU
		{9E094B96-EDDE-4A0A-A8BC-1BCEF0607C6E}.Debug|Any CPU.ActiveCfg = Debug|Any CPU
		{9E094B96-EDDE-4A0A-A8BC-1BCEF0607C6E}.Debug|Any CPU.Build.0 = Debug|Any CPU
		{9E094B96-EDDE-4A0A-A8BC-1BCEF0607C6E}.Release|Any CPU.ActiveCfg = Release|Any CPU
		{9E094B96-EDDE-4A0A-A8BC-1BCEF0607C6E}.Release|Any CPU.Build.0 = Release|Any CPU
		{537F14CD-4E44-43B0-8439-FF6E73A24DA4}.Debug|Any CPU.ActiveCfg = Debug|Any CPU
		{537F14CD-4E44-43B0-8439-FF6E73A24DA4}.Debug|Any CPU.Build.0 = Debug|Any CPU
		{537F14CD-4E44-43B0-8439-FF6E73A24DA4}.Release|Any CPU.ActiveCfg = Release|Any CPU
		{537F14CD-4E44-43B0-8439-FF6E73A24DA4}.Release|Any CPU.Build.0 = Release|Any CPU
		{2364BBE8-A214-43A1-9D49-F687EC247582}.Debug|Any CPU.ActiveCfg = Debug|Any CPU
		{2364BBE8-A214-43A1-9D49-F687EC247582}.Debug|Any CPU.Build.0 = Debug|Any CPU
		{2364BBE8-A214-43A1-9D49-F687EC247582}.Release|Any CPU.ActiveCfg = Release|Any CPU
		{2364BBE8-A214-43A1-9D49-F687EC247582}.Release|Any CPU.Build.0 = Release|Any CPU
		{E16F1AE0-607A-4BA5-A930-C86F9B037EB1}.Debug|Any CPU.ActiveCfg = Debug|Any CPU
		{E16F1AE0-607A-4BA5-A930-C86F9B037EB1}.Debug|Any CPU.Build.0 = Debug|Any CPU
		{E16F1AE0-607A-4BA5-A930-C86F9B037EB1}.Release|Any CPU.ActiveCfg = Release|Any CPU
		{E16F1AE0-607A-4BA5-A930-C86F9B037EB1}.Release|Any CPU.Build.0 = Release|Any CPU
	EndGlobalSection
	GlobalSection(SolutionProperties) = preSolution
		HideSolutionNode = FALSE
	EndGlobalSection
	GlobalSection(ExtensibilityGlobals) = postSolution
		SolutionGuid = {97B28DCD-8D32-4EAB-89E6-F87B6D676CD7}
	EndGlobalSection
EndGlobal
